// !$*UTF8*$!
{
	archiveVersion = 1;
	classes = {
	};
	objectVersion = 56;
	objects = {

/* Begin PBXBuildFile section */
		06F6CBA429C7A73B00ED3CE0 /* AppDelegate.swift in Sources */ = {isa = PBXBuildFile; fileRef = 06F6CBA329C7A73B00ED3CE0 /* AppDelegate.swift */; };
		06F6CBA629C7A73B00ED3CE0 /* SceneDelegate.swift in Sources */ = {isa = PBXBuildFile; fileRef = 06F6CBA529C7A73B00ED3CE0 /* SceneDelegate.swift */; };
		06F6CBAE29C7A73B00ED3CE0 /* DigiPrice.xcdatamodeld in Sources */ = {isa = PBXBuildFile; fileRef = 06F6CBAC29C7A73B00ED3CE0 /* DigiPrice.xcdatamodeld */; };
		06F6CBB029C7A73C00ED3CE0 /* Assets.xcassets in Resources */ = {isa = PBXBuildFile; fileRef = 06F6CBAF29C7A73C00ED3CE0 /* Assets.xcassets */; };
		06F6CBB329C7A73C00ED3CE0 /* LaunchScreen.storyboard in Resources */ = {isa = PBXBuildFile; fileRef = 06F6CBB129C7A73C00ED3CE0 /* LaunchScreen.storyboard */; };
/* End PBXBuildFile section */

/* Begin PBXFileReference section */
		06F6CBA029C7A73B00ED3CE0 /* DigiPrice.app */ = {isa = PBXFileReference; explicitFileType = wrapper.application; includeInIndex = 0; path = DigiPrice.app; sourceTree = BUILT_PRODUCTS_DIR; };
		06F6CBA329C7A73B00ED3CE0 /* AppDelegate.swift */ = {isa = PBXFileReference; lastKnownFileType = sourcecode.swift; path = AppDelegate.swift; sourceTree = "<group>"; };
		06F6CBA529C7A73B00ED3CE0 /* SceneDelegate.swift */ = {isa = PBXFileReference; lastKnownFileType = sourcecode.swift; path = SceneDelegate.swift; sourceTree = "<group>"; };
		06F6CBAD29C7A73B00ED3CE0 /* DigiPrice.xcdatamodel */ = {isa = PBXFileReference; lastKnownFileType = wrapper.xcdatamodel; path = DigiPrice.xcdatamodel; sourceTree = "<group>"; };
		06F6CBAF29C7A73C00ED3CE0 /* Assets.xcassets */ = {isa = PBXFileReference; lastKnownFileType = folder.assetcatalog; path = Assets.xcassets; sourceTree = "<group>"; };
		06F6CBB229C7A73C00ED3CE0 /* Base */ = {isa = PBXFileReference; lastKnownFileType = file.storyboard; name = Base; path = Base.lproj/LaunchScreen.storyboard; sourceTree = "<group>"; };
		06F6CBB429C7A73C00ED3CE0 /* Info.plist */ = {isa = PBXFileReference; lastKnownFileType = text.plist.xml; path = Info.plist; sourceTree = "<group>"; };
/* End PBXFileReference section */

/* Begin PBXFrameworksBuildPhase section */
		06F6CB9D29C7A73B00ED3CE0 /* Frameworks */ = {
			isa = PBXFrameworksBuildPhase;
			buildActionMask = 2147483647;
			files = (
			);
			runOnlyForDeploymentPostprocessing = 0;
		};
/* End PBXFrameworksBuildPhase section */

/* Begin PBXGroup section */
		06F6CB9729C7A73B00ED3CE0 = {
			isa = PBXGroup;
			children = (
				06F6CBA229C7A73B00ED3CE0 /* DigiPrice */,
				06F6CBA129C7A73B00ED3CE0 /* Products */,
			);
			sourceTree = "<group>";
		};
		06F6CBA129C7A73B00ED3CE0 /* Products */ = {
			isa = PBXGroup;
			children = (
				06F6CBA029C7A73B00ED3CE0 /* DigiPrice.app */,
			);
			name = Products;
			sourceTree = "<group>";
		};
		06F6CBA229C7A73B00ED3CE0 /* DigiPrice */ = {
			isa = PBXGroup;
			children = (
				06F6CBC429C7AC5A00ED3CE0 /* Support */,
				06F6CBC329C7AC5100ED3CE0 /* Screens */,
				06F6CBBA29C7AB9C00ED3CE0 /* Utility */,
				06F6CBA329C7A73B00ED3CE0 /* AppDelegate.swift */,
				06F6CBA529C7A73B00ED3CE0 /* SceneDelegate.swift */,
				06F6CBAF29C7A73C00ED3CE0 /* Assets.xcassets */,
				06F6CBB129C7A73C00ED3CE0 /* LaunchScreen.storyboard */,
				06F6CBB429C7A73C00ED3CE0 /* Info.plist */,
				06F6CBAC29C7A73B00ED3CE0 /* DigiPrice.xcdatamodeld */,
			);
			path = DigiPrice;
			sourceTree = "<group>";
		};
		06F6CBBA29C7AB9C00ED3CE0 /* Utility */ = {
			isa = PBXGroup;
			children = (
				06F6CBBE29C7ABEC00ED3CE0 /* DataLayer */,
				06F6CBBD29C7ABBC00ED3CE0 /* Helpers */,
				06F6CBBC29C7ABB100ED3CE0 /* Base Classes */,
				06F6CBBB29C7ABA900ED3CE0 /* Extensions */,
			);
			path = Utility;
			sourceTree = "<group>";
		};
		06F6CBBB29C7ABA900ED3CE0 /* Extensions */ = {
			isa = PBXGroup;
			children = (
			);
			path = Extensions;
			sourceTree = "<group>";
		};
		06F6CBBC29C7ABB100ED3CE0 /* Base Classes */ = {
			isa = PBXGroup;
			children = (
			);
			path = "Base Classes";
			sourceTree = "<group>";
		};
		06F6CBBD29C7ABBC00ED3CE0 /* Helpers */ = {
			isa = PBXGroup;
			children = (
			);
			path = Helpers;
			sourceTree = "<group>";
		};
		06F6CBBE29C7ABEC00ED3CE0 /* DataLayer */ = {
			isa = PBXGroup;
			children = (
				06F6CBC229C7AC2E00ED3CE0 /* Repositories */,
				06F6CBC029C7ABFF00ED3CE0 /* Network Layer */,
				06F6CBBF29C7ABF700ED3CE0 /* Local Storage */,
			);
			path = DataLayer;
			sourceTree = "<group>";
		};
		06F6CBBF29C7ABF700ED3CE0 /* Local Storage */ = {
			isa = PBXGroup;
			children = (
				06F6CBC129C7AC1B00ED3CE0 /* Entites */,
			);
			path = "Local Storage";
			sourceTree = "<group>";
		};
		06F6CBC029C7ABFF00ED3CE0 /* Network Layer */ = {
			isa = PBXGroup;
			children = (
			);
			path = "Network Layer";
			sourceTree = "<group>";
		};
		06F6CBC129C7AC1B00ED3CE0 /* Entites */ = {
			isa = PBXGroup;
			children = (
			);
			path = Entites;
			sourceTree = "<group>";
		};
		06F6CBC229C7AC2E00ED3CE0 /* Repositories */ = {
			isa = PBXGroup;
			children = (
			);
			path = Repositories;
			sourceTree = "<group>";
		};
		06F6CBC329C7AC5100ED3CE0 /* Screens */ = {
			isa = PBXGroup;
			children = (
				06F6CBC629C7AC8D00ED3CE0 /* CurrencyDetail */,
				06F6CBC529C7AC7F00ED3CE0 /* CurrencyList */,
			);
			path = Screens;
			sourceTree = "<group>";
		};
		06F6CBC429C7AC5A00ED3CE0 /* Support */ = {
			isa = PBXGroup;
			children = (
			);
			path = Support;
			sourceTree = "<group>";
		};
		06F6CBC529C7AC7F00ED3CE0 /* CurrencyList */ = {
			isa = PBXGroup;
			children = (
			);
			path = CurrencyList;
			sourceTree = "<group>";
		};
		06F6CBC629C7AC8D00ED3CE0 /* CurrencyDetail */ = {
			isa = PBXGroup;
			children = (
			);
			path = CurrencyDetail;
			sourceTree = "<group>";
		};
/* End PBXGroup section */

/* Begin PBXNativeTarget section */
		06F6CB9F29C7A73B00ED3CE0 /* DigiPrice */ = {
			isa = PBXNativeTarget;
			buildConfigurationList = 06F6CBB729C7A73C00ED3CE0 /* Build configuration list for PBXNativeTarget "DigiPrice" */;
			buildPhases = (
				06F6CB9C29C7A73B00ED3CE0 /* Sources */,
				06F6CB9D29C7A73B00ED3CE0 /* Frameworks */,
				06F6CB9E29C7A73B00ED3CE0 /* Resources */,
			);
			buildRules = (
			);
			dependencies = (
			);
			name = DigiPrice;
			productName = DigiPrice;
			productReference = 06F6CBA029C7A73B00ED3CE0 /* DigiPrice.app */;
			productType = "com.apple.product-type.application";
		};
/* End PBXNativeTarget section */

/* Begin PBXProject section */
		06F6CB9829C7A73B00ED3CE0 /* Project object */ = {
			isa = PBXProject;
			attributes = {
				BuildIndependentTargetsInParallel = 1;
				LastSwiftUpdateCheck = 1400;
				LastUpgradeCheck = 1400;
				TargetAttributes = {
					06F6CB9F29C7A73B00ED3CE0 = {
						CreatedOnToolsVersion = 14.0;
					};
				};
			};
			buildConfigurationList = 06F6CB9B29C7A73B00ED3CE0 /* Build configuration list for PBXProject "DigiPrice" */;
			compatibilityVersion = "Xcode 14.0";
			developmentRegion = en;
			hasScannedForEncodings = 0;
			knownRegions = (
				en,
				Base,
			);
			mainGroup = 06F6CB9729C7A73B00ED3CE0;
			productRefGroup = 06F6CBA129C7A73B00ED3CE0 /* Products */;
			projectDirPath = "";
			projectRoot = "";
			targets = (
				06F6CB9F29C7A73B00ED3CE0 /* DigiPrice */,
			);
		};
/* End PBXProject section */

/* Begin PBXResourcesBuildPhase section */
		06F6CB9E29C7A73B00ED3CE0 /* Resources */ = {
			isa = PBXResourcesBuildPhase;
			buildActionMask = 2147483647;
			files = (
				06F6CBB329C7A73C00ED3CE0 /* LaunchScreen.storyboard in Resources */,
				06F6CBB029C7A73C00ED3CE0 /* Assets.xcassets in Resources */,
			);
			runOnlyForDeploymentPostprocessing = 0;
		};
/* End PBXResourcesBuildPhase section */

/* Begin PBXSourcesBuildPhase section */
		06F6CB9C29C7A73B00ED3CE0 /* Sources */ = {
			isa = PBXSourcesBuildPhase;
			buildActionMask = 2147483647;
			files = (
				06F6CBA429C7A73B00ED3CE0 /* AppDelegate.swift in Sources */,
				06F6CBAE29C7A73B00ED3CE0 /* DigiPrice.xcdatamodeld in Sources */,
				06F6CBA629C7A73B00ED3CE0 /* SceneDelegate.swift in Sources */,
			);
			runOnlyForDeploymentPostprocessing = 0;
		};
/* End PBXSourcesBuildPhase section */

/* Begin PBXVariantGroup section */
		06F6CBB129C7A73C00ED3CE0 /* LaunchScreen.storyboard */ = {
			isa = PBXVariantGroup;
			children = (
				06F6CBB229C7A73C00ED3CE0 /* Base */,
			);
			name = LaunchScreen.storyboard;
			sourceTree = "<group>";
		};
/* End PBXVariantGroup section */

/* Begin XCBuildConfiguration section */
		06F6CBB529C7A73C00ED3CE0 /* Debug */ = {
			isa = XCBuildConfiguration;
			buildSettings = {
				ALWAYS_SEARCH_USER_PATHS = NO;
				CLANG_ANALYZER_NONNULL = YES;
				CLANG_ANALYZER_NUMBER_OBJECT_CONVERSION = YES_AGGRESSIVE;
				CLANG_CXX_LANGUAGE_STANDARD = "gnu++20";
				CLANG_ENABLE_MODULES = YES;
				CLANG_ENABLE_OBJC_ARC = YES;
				CLANG_ENABLE_OBJC_WEAK = YES;
				CLANG_WARN_BLOCK_CAPTURE_AUTORELEASING = YES;
				CLANG_WARN_BOOL_CONVERSION = YES;
				CLANG_WARN_COMMA = YES;
				CLANG_WARN_CONSTANT_CONVERSION = YES;
				CLANG_WARN_DEPRECATED_OBJC_IMPLEMENTATIONS = YES;
				CLANG_WARN_DIRECT_OBJC_ISA_USAGE = YES_ERROR;
				CLANG_WARN_DOCUMENTATION_COMMENTS = YES;
				CLANG_WARN_EMPTY_BODY = YES;
				CLANG_WARN_ENUM_CONVERSION = YES;
				CLANG_WARN_INFINITE_RECURSION = YES;
				CLANG_WARN_INT_CONVERSION = YES;
				CLANG_WARN_NON_LITERAL_NULL_CONVERSION = YES;
				CLANG_WARN_OBJC_IMPLICIT_RETAIN_SELF = YES;
				CLANG_WARN_OBJC_LITERAL_CONVERSION = YES;
				CLANG_WARN_OBJC_ROOT_CLASS = YES_ERROR;
				CLANG_WARN_QUOTED_INCLUDE_IN_FRAMEWORK_HEADER = YES;
				CLANG_WARN_RANGE_LOOP_ANALYSIS = YES;
				CLANG_WARN_STRICT_PROTOTYPES = YES;
				CLANG_WARN_SUSPICIOUS_MOVE = YES;
				CLANG_WARN_UNGUARDED_AVAILABILITY = YES_AGGRESSIVE;
				CLANG_WARN_UNREACHABLE_CODE = YES;
				CLANG_WARN__DUPLICATE_METHOD_MATCH = YES;
				COPY_PHASE_STRIP = NO;
				DEBUG_INFORMATION_FORMAT = dwarf;
				ENABLE_STRICT_OBJC_MSGSEND = YES;
				ENABLE_TESTABILITY = YES;
				GCC_C_LANGUAGE_STANDARD = gnu11;
				GCC_DYNAMIC_NO_PIC = NO;
				GCC_NO_COMMON_BLOCKS = YES;
				GCC_OPTIMIZATION_LEVEL = 0;
				GCC_PREPROCESSOR_DEFINITIONS = (
					"DEBUG=1",
					"$(inherited)",
				);
				GCC_WARN_64_TO_32_BIT_CONVERSION = YES;
				GCC_WARN_ABOUT_RETURN_TYPE = YES_ERROR;
				GCC_WARN_UNDECLARED_SELECTOR = YES;
				GCC_WARN_UNINITIALIZED_AUTOS = YES_AGGRESSIVE;
				GCC_WARN_UNUSED_FUNCTION = YES;
				GCC_WARN_UNUSED_VARIABLE = YES;
				IPHONEOS_DEPLOYMENT_TARGET = 16.0;
				MTL_ENABLE_DEBUG_INFO = INCLUDE_SOURCE;
				MTL_FAST_MATH = YES;
				ONLY_ACTIVE_ARCH = YES;
				SDKROOT = iphoneos;
				SWIFT_ACTIVE_COMPILATION_CONDITIONS = DEBUG;
				SWIFT_OPTIMIZATION_LEVEL = "-Onone";
			};
			name = Debug;
		};
		06F6CBB629C7A73C00ED3CE0 /* Release */ = {
			isa = XCBuildConfiguration;
			buildSettings = {
				ALWAYS_SEARCH_USER_PATHS = NO;
				CLANG_ANALYZER_NONNULL = YES;
				CLANG_ANALYZER_NUMBER_OBJECT_CONVERSION = YES_AGGRESSIVE;
				CLANG_CXX_LANGUAGE_STANDARD = "gnu++20";
				CLANG_ENABLE_MODULES = YES;
				CLANG_ENABLE_OBJC_ARC = YES;
				CLANG_ENABLE_OBJC_WEAK = YES;
				CLANG_WARN_BLOCK_CAPTURE_AUTORELEASING = YES;
				CLANG_WARN_BOOL_CONVERSION = YES;
				CLANG_WARN_COMMA = YES;
				CLANG_WARN_CONSTANT_CONVERSION = YES;
				CLANG_WARN_DEPRECATED_OBJC_IMPLEMENTATIONS = YES;
				CLANG_WARN_DIRECT_OBJC_ISA_USAGE = YES_ERROR;
				CLANG_WARN_DOCUMENTATION_COMMENTS = YES;
				CLANG_WARN_EMPTY_BODY = YES;
				CLANG_WARN_ENUM_CONVERSION = YES;
				CLANG_WARN_INFINITE_RECURSION = YES;
				CLANG_WARN_INT_CONVERSION = YES;
				CLANG_WARN_NON_LITERAL_NULL_CONVERSION = YES;
				CLANG_WARN_OBJC_IMPLICIT_RETAIN_SELF = YES;
				CLANG_WARN_OBJC_LITERAL_CONVERSION = YES;
				CLANG_WARN_OBJC_ROOT_CLASS = YES_ERROR;
				CLANG_WARN_QUOTED_INCLUDE_IN_FRAMEWORK_HEADER = YES;
				CLANG_WARN_RANGE_LOOP_ANALYSIS = YES;
				CLANG_WARN_STRICT_PROTOTYPES = YES;
				CLANG_WARN_SUSPICIOUS_MOVE = YES;
				CLANG_WARN_UNGUARDED_AVAILABILITY = YES_AGGRESSIVE;
				CLANG_WARN_UNREACHABLE_CODE = YES;
				CLANG_WARN__DUPLICATE_METHOD_MATCH = YES;
				COPY_PHASE_STRIP = NO;
				DEBUG_INFORMATION_FORMAT = "dwarf-with-dsym";
				ENABLE_NS_ASSERTIONS = NO;
				ENABLE_STRICT_OBJC_MSGSEND = YES;
				GCC_C_LANGUAGE_STANDARD = gnu11;
				GCC_NO_COMMON_BLOCKS = YES;
				GCC_WARN_64_TO_32_BIT_CONVERSION = YES;
				GCC_WARN_ABOUT_RETURN_TYPE = YES_ERROR;
				GCC_WARN_UNDECLARED_SELECTOR = YES;
				GCC_WARN_UNINITIALIZED_AUTOS = YES_AGGRESSIVE;
				GCC_WARN_UNUSED_FUNCTION = YES;
				GCC_WARN_UNUSED_VARIABLE = YES;
				IPHONEOS_DEPLOYMENT_TARGET = 16.0;
				MTL_ENABLE_DEBUG_INFO = NO;
				MTL_FAST_MATH = YES;
				SDKROOT = iphoneos;
				SWIFT_COMPILATION_MODE = wholemodule;
				SWIFT_OPTIMIZATION_LEVEL = "-O";
				VALIDATE_PRODUCT = YES;
			};
			name = Release;
		};
		06F6CBB829C7A73C00ED3CE0 /* Debug */ = {
			isa = XCBuildConfiguration;
			buildSettings = {
				ASSETCATALOG_COMPILER_APPICON_NAME = AppIcon;
				ASSETCATALOG_COMPILER_GLOBAL_ACCENT_COLOR_NAME = AccentColor;
				CODE_SIGN_STYLE = Automatic;
				CURRENT_PROJECT_VERSION = 1;
				DEVELOPMENT_TEAM = DBB72632N8;
				GENERATE_INFOPLIST_FILE = YES;
				INFOPLIST_FILE = DigiPrice/Info.plist;
				INFOPLIST_KEY_UIApplicationSupportsIndirectInputEvents = YES;
				INFOPLIST_KEY_UILaunchStoryboardName = LaunchScreen;
				INFOPLIST_KEY_UISupportedInterfaceOrientations_iPad = "UIInterfaceOrientationPortrait UIInterfaceOrientationPortraitUpsideDown UIInterfaceOrientationLandscapeLeft UIInterfaceOrientationLandscapeRight";
				INFOPLIST_KEY_UISupportedInterfaceOrientations_iPhone = "UIInterfaceOrientationPortrait UIInterfaceOrientationLandscapeLeft UIInterfaceOrientationLandscapeRight";
				LD_RUNPATH_SEARCH_PATHS = (
					"$(inherited)",
					"@executable_path/Frameworks",
				);
				MARKETING_VERSION = 1.0;
				PRODUCT_BUNDLE_IDENTIFIER = ios.DigiPrice;
				PRODUCT_NAME = "$(TARGET_NAME)";
				SWIFT_EMIT_LOC_STRINGS = YES;
				SWIFT_VERSION = 5.0;
				TARGETED_DEVICE_FAMILY = "1,2";
			};
			name = Debug;
		};
		06F6CBB929C7A73C00ED3CE0 /* Release */ = {
			isa = XCBuildConfiguration;
			buildSettings = {
				ASSETCATALOG_COMPILER_APPICON_NAME = AppIcon;
				ASSETCATALOG_COMPILER_GLOBAL_ACCENT_COLOR_NAME = AccentColor;
				CODE_SIGN_STYLE = Automatic;
				CURRENT_PROJECT_VERSION = 1;
				DEVELOPMENT_TEAM = DBB72632N8;
				GENERATE_INFOPLIST_FILE = YES;
				INFOPLIST_FILE = DigiPrice/Info.plist;
				INFOPLIST_KEY_UIApplicationSupportsIndirectInputEvents = YES;
				INFOPLIST_KEY_UILaunchStoryboardName = LaunchScreen;
				INFOPLIST_KEY_UISupportedInterfaceOrientations_iPad = "UIInterfaceOrientationPortrait UIInterfaceOrientationPortraitUpsideDown UIInterfaceOrientationLandscapeLeft UIInterfaceOrientationLandscapeRight";
				INFOPLIST_KEY_UISupportedInterfaceOrientations_iPhone = "UIInterfaceOrientationPortrait UIInterfaceOrientationLandscapeLeft UIInterfaceOrientationLandscapeRight";
				LD_RUNPATH_SEARCH_PATHS = (
					"$(inherited)",
					"@executable_path/Frameworks",
				);
				MARKETING_VERSION = 1.0;
				PRODUCT_BUNDLE_IDENTIFIER = ios.DigiPrice;
				PRODUCT_NAME = "$(TARGET_NAME)";
				SWIFT_EMIT_LOC_STRINGS = YES;
				SWIFT_VERSION = 5.0;
				TARGETED_DEVICE_FAMILY = "1,2";
			};
			name = Release;
		};
/* End XCBuildConfiguration section */

/* Begin XCConfigurationList section */
		06F6CB9B29C7A73B00ED3CE0 /* Build configuration list for PBXProject "DigiPrice" */ = {
			isa = XCConfigurationList;
			buildConfigurations = (
				06F6CBB529C7A73C00ED3CE0 /* Debug */,
				06F6CBB629C7A73C00ED3CE0 /* Release */,
			);
			defaultConfigurationIsVisible = 0;
			defaultConfigurationName = Release;
		};
		06F6CBB729C7A73C00ED3CE0 /* Build configuration list for PBXNativeTarget "DigiPrice" */ = {
			isa = XCConfigurationList;
			buildConfigurations = (
				06F6CBB829C7A73C00ED3CE0 /* Debug */,
				06F6CBB929C7A73C00ED3CE0 /* Release */,
			);
			defaultConfigurationIsVisible = 0;
			defaultConfigurationName = Release;
		};
/* End XCConfigurationList section */

/* Begin XCVersionGroup section */
		06F6CBAC29C7A73B00ED3CE0 /* DigiPrice.xcdatamodeld */ = {
			isa = XCVersionGroup;
			children = (
				06F6CBAD29C7A73B00ED3CE0 /* DigiPrice.xcdatamodel */,
			);
			currentVersion = 06F6CBAD29C7A73B00ED3CE0 /* DigiPrice.xcdatamodel */;
			path = DigiPrice.xcdatamodeld;
			sourceTree = "<group>";
			versionGroupType = wrapper.xcdatamodel;
		};
/* End XCVersionGroup section */
	};
	rootObject = 06F6CB9829C7A73B00ED3CE0 /* Project object */;
}
